<?xml version="1.0" encoding="utf-8"?>
<Project ToolsVersion="4.0" xmlns="http://schemas.microsoft.com/developer/msbuild/2003">
  <ItemGroup>
    <Filter Include="Исходные файлы">
      <UniqueIdentifier>{4FC737F1-C7A5-4376-A066-2A32D752A2FF}</UniqueIdentifier>
      <Extensions>cpp;c;cc;cxx;def;odl;idl;hpj;bat;asm;asmx</Extensions>
    </Filter>
    <Filter Include="Файлы заголовков">
      <UniqueIdentifier>{93995380-89BD-4b04-88EB-625FBE52EBFB}</UniqueIdentifier>
      <Extensions>h;hh;hpp;hxx;hm;inl;inc;ipp;xsd</Extensions>
    </Filter>
    <Filter Include="Файлы ресурсов">
      <UniqueIdentifier>{67DA6AB6-F800-4c08-8B7A-83BB121AAD01}</UniqueIdentifier>
      <Extensions>rc;ico;cur;bmp;dlg;rc2;rct;bin;rgs;gif;jpg;jpeg;jpe;resx;tiff;tif;png;wav;mfcribbon-ms</Extensions>
    </Filter>
  </ItemGroup>
  <ItemGroup>
    <ClCompile Include="src\zs-app.cpp">
      <Filter>Исходные файлы</Filter>
    </ClCompile>
    <ClCompile Include="src\zs-texture.cpp">
      <Filter>Исходные файлы</Filter>
    </ClCompile>
    <ClCompile Include="src\zs-mesh.cpp">
      <Filter>Исходные файлы</Filter>
    </ClCompile>
    <ClCompile Include="src\zs-shader.cpp">
      <Filter>Исходные файлы</Filter>
    </ClCompile>
    <ClCompile Include="src\zs-math.cpp">
      <Filter>Исходные файлы</Filter>
    </ClCompile>
    <ClCompile Include="src\zs-transform.cpp">
      <Filter>Исходные файлы</Filter>
    </ClCompile>
    <ClCompile Include="src\zs-game-object.cpp">
      <Filter>Исходные файлы</Filter>
    </ClCompile>
    <ClCompile Include="src\zs-camera.cpp">
      <Filter>Исходные файлы</Filter>
    </ClCompile>
    <ClCompile Include="src\zs-mesh-loader.cpp">
      <Filter>Исходные файлы</Filter>
    </ClCompile>
    <ClCompile Include="src\zs-text-renderer.cpp">
      <Filter>Исходные файлы</Filter>
    </ClCompile>
    <ClCompile Include="src\zs-forward-render.cpp">
      <Filter>Исходные файлы</Filter>
    </ClCompile>
    <ClCompile Include="src\zs-scene.cpp">
      <Filter>Исходные файлы</Filter>
    </ClCompile>
    <ClCompile Include="src\zs-audio-manager.cpp">
      <Filter>Исходные файлы</Filter>
    </ClCompile>
    <ClCompile Include="src\zs-audio-source.cpp">
      <Filter>Исходные файлы</Filter>
    </ClCompile>
    <ClCompile Include="src\zs-errors-checker.cpp">
      <Filter>Исходные файлы</Filter>
    </ClCompile>
    <ClCompile Include="src\zs-input.cpp">
      <Filter>Исходные файлы</Filter>
    </ClCompile>
    <ClCompile Include="src\zs-deffered-render.cpp">
      <Filter>Исходные файлы</Filter>
    </ClCompile>
    <ClCompile Include="src\zs-light.cpp">
      <Filter>Исходные файлы</Filter>
    </ClCompile>
    <ClCompile Include="src\zs-logger.cpp">
      <Filter>Исходные файлы</Filter>
    </ClCompile>
    <ClCompile Include="src\zs-vulkan.cpp">
      <Filter>Исходные файлы</Filter>
    </ClCompile>
    <ClCompile Include="src\zs-ui.cpp">
      <Filter>Исходные файлы</Filter>
    </ClCompile>
  </ItemGroup>
  <ItemGroup>
    <ClInclude Include="includes\zs-app.h">
      <Filter>Файлы заголовков</Filter>
    </ClInclude>
    <ClInclude Include="includes\zspire.h">
      <Filter>Файлы заголовков</Filter>
    </ClInclude>
    <ClInclude Include="includes\zs-texture.h">
      <Filter>Файлы заголовков</Filter>
    </ClInclude>
    <ClInclude Include="includes\zs-mesh.h">
      <Filter>Файлы заголовков</Filter>
    </ClInclude>
    <ClInclude Include="includes\zs-shader.h">
      <Filter>Файлы заголовков</Filter>
    </ClInclude>
    <ClInclude Include="includes\zs-math.h">
      <Filter>Файлы заголовков</Filter>
    </ClInclude>
    <ClInclude Include="includes\zs-transform.h">
      <Filter>Файлы заголовков</Filter>
    </ClInclude>
    <ClInclude Include="includes\zs-game-object.h">
      <Filter>Файлы заголовков</Filter>
    </ClInclude>
    <ClInclude Include="includes\zs-camera.h">
      <Filter>Файлы заголовков</Filter>
    </ClInclude>
    <ClInclude Include="includes\zs-mesh-loader.h">
      <Filter>Файлы заголовков</Filter>
    </ClInclude>
    <ClInclude Include="includes\zs-text-renderer.h">
      <Filter>Файлы заголовков</Filter>
    </ClInclude>
    <ClInclude Include="includes\zs-forward-render.h">
      <Filter>Файлы заголовков</Filter>
    </ClInclude>
    <ClInclude Include="includes\zs-scene.h">
      <Filter>Файлы заголовков</Filter>
    </ClInclude>
    <ClInclude Include="includes\zs-audio-manager.h">
      <Filter>Файлы заголовков</Filter>
    </ClInclude>
    <ClInclude Include="includes\zs-audio-source.h">
      <Filter>Файлы заголовков</Filter>
    </ClInclude>
    <ClInclude Include="includes\zs-errors-checker.h">
      <Filter>Файлы заголовков</Filter>
    </ClInclude>
    <ClInclude Include="includes\zs-input.h">
      <Filter>Файлы заголовков</Filter>
    </ClInclude>
    <ClInclude Include="includes\zs-deffered-render.h">
      <Filter>Файлы заголовков</Filter>
    </ClInclude>
    <ClInclude Include="includes\zs-light.h">
      <Filter>Файлы заголовков</Filter>
    </ClInclude>
    <ClInclude Include="includes\zs-resource.h">
      <Filter>Файлы заголовков</Filter>
    </ClInclude>
    <ClInclude Include="includes\zs-logger.h">
      <Filter>Файлы заголовков</Filter>
    </ClInclude>
    <ClInclude Include="includes\zs-vulkan.h">
      <Filter>Файлы заголовков</Filter>
    </ClInclude>
    <ClInclude Include="includes\zs-settings.h">
      <Filter>Файлы заголовков</Filter>
    </ClInclude>
    <ClInclude Include="includes\zs-ui.h">
      <Filter>Файлы заголовков</Filter>
    </ClInclude>
  </ItemGroup>
</Project>